
Microsoft Visual Studio Solution File, Format Version 12.00
# Visual Studio Version 17
VisualStudioVersion = 17.0.31903.59
MinimumVisualStudioVersion = 10.0.40219.1
Project("{FAE04EC0-301F-11D3-BF4B-00C04F79EFBC}") = "IceCraft", "IceCraft\IceCraft.csproj", "{7D5A1266-44AA-48FE-892E-B29A74AFB723}"
EndProject
Project("{FAE04EC0-301F-11D3-BF4B-00C04F79EFBC}") = "IceCraft.Core", "IceCraft.Core\IceCraft.Core.csproj", "{6F56786B-321D-44F9-9B50-911A839871CD}"
EndProject
Project("{FAE04EC0-301F-11D3-BF4B-00C04F79EFBC}") = "IceCraft.Repositories.Adoptium", "IceCraft.Repositories.Adoptium\IceCraft.Repositories.Adoptium.csproj", "{3EBCBC15-0A99-4280-ADCF-EC20048FD1C2}"
EndProject
Project("{FAE04EC0-301F-11D3-BF4B-00C04F79EFBC}") = "IceCraft.Tests", "IceCraft.Tests\IceCraft.Tests.csproj", "{D7B0E057-24BA-41B2-B43E-363139C0D7F8}"
EndProject
Project("{2150E333-8FDC-42A3-9474-1A3956D46DE8}") = "Package Extension", "Package Extension", "{4DE70D51-5DBE-4AD9-BC7C-604BE9794E0E}"
EndProject
Project("{FAE04EC0-301F-11D3-BF4B-00C04F79EFBC}") = "IceCraft.Extensions.DotNet", "Package Extension\IceCraft.Extensions.DotNet\IceCraft.Extensions.DotNet.csproj", "{5A0807AD-3A32-4376-8E3D-535A7D90FF8E}"
EndProject
Project("{FAE04EC0-301F-11D3-BF4B-00C04F79EFBC}") = "IceCraft.Extensions.CentralRepo", "Package Extension\IceCraft.Extensions.CentralRepo\IceCraft.Extensions.CentralRepo.csproj", "{FE56D128-F58B-4A0B-924C-93207A7DED86}"
EndProject
Project("{FAE04EC0-301F-11D3-BF4B-00C04F79EFBC}") = "IceCraft.Api.Plugin", "IceCraft.Api.Plugin\IceCraft.Api.Plugin.csproj", "{ED493874-F9E9-4025-B3E0-5413E4FC64CA}"
EndProject
Project("{FAE04EC0-301F-11D3-BF4B-00C04F79EFBC}") = "IceCraft.Api", "IceCraft.Api\IceCraft.Api.csproj", "{3BACD5E1-BADB-4D02-8422-23C7EDE4E859}"
EndProject
Project("{2150E333-8FDC-42A3-9474-1A3956D46DE8}") = "Tests", "Tests", "{A8F5D3BC-9969-45EC-819B-5D1A6D5C5FEA}"
EndProject
Project("{FAE04EC0-301F-11D3-BF4B-00C04F79EFBC}") = "IceCraft.Tests.CentralRepo", "Tests\IceCraft.Tests.CentralRepo\IceCraft.Tests.CentralRepo.csproj", "{541FDDC5-9229-41F1-9CBF-820D59F21F15}"
EndProject
Project("{FAE04EC0-301F-11D3-BF4B-00C04F79EFBC}") = "FrontendTests", "FrontendTests\FrontendTests.csproj", "{55930EF8-96D7-490B-A3CE-BBE835AFFF0D}"
EndProject
Project("{2150E333-8FDC-42A3-9474-1A3956D46DE8}") = "Documentation", "Documentation", "{311E830D-E2B8-41D0-AFBD-45BDA85320A1}"
	ProjectSection(SolutionItems) = preProject
		..\CONTRIBUTING.md = ..\CONTRIBUTING.md
		..\CHANGELOG.md = ..\CHANGELOG.md
		..\BUILDING.md = ..\BUILDING.md
		..\README.md = ..\README.md
		..\HACKING.md = ..\HACKING.md
	EndProjectSection
EndProject
Global
	GlobalSection(SolutionConfigurationPlatforms) = preSolution
		Debug|Any CPU = Debug|Any CPU
		Release|Any CPU = Release|Any CPU
	EndGlobalSection
	GlobalSection(ProjectConfigurationPlatforms) = postSolution
		{7D5A1266-44AA-48FE-892E-B29A74AFB723}.Debug|Any CPU.ActiveCfg = Debug|Any CPU
		{7D5A1266-44AA-48FE-892E-B29A74AFB723}.Debug|Any CPU.Build.0 = Debug|Any CPU
		{7D5A1266-44AA-48FE-892E-B29A74AFB723}.Release|Any CPU.ActiveCfg = Release|Any CPU
		{7D5A1266-44AA-48FE-892E-B29A74AFB723}.Release|Any CPU.Build.0 = Release|Any CPU
		{6F56786B-321D-44F9-9B50-911A839871CD}.Debug|Any CPU.ActiveCfg = Debug|Any CPU
		{6F56786B-321D-44F9-9B50-911A839871CD}.Debug|Any CPU.Build.0 = Debug|Any CPU
		{6F56786B-321D-44F9-9B50-911A839871CD}.Release|Any CPU.ActiveCfg = Release|Any CPU
		{6F56786B-321D-44F9-9B50-911A839871CD}.Release|Any CPU.Build.0 = Release|Any CPU
		{3EBCBC15-0A99-4280-ADCF-EC20048FD1C2}.Debug|Any CPU.ActiveCfg = Debug|Any CPU
		{3EBCBC15-0A99-4280-ADCF-EC20048FD1C2}.Debug|Any CPU.Build.0 = Debug|Any CPU
		{3EBCBC15-0A99-4280-ADCF-EC20048FD1C2}.Release|Any CPU.ActiveCfg = Release|Any CPU
		{3EBCBC15-0A99-4280-ADCF-EC20048FD1C2}.Release|Any CPU.Build.0 = Release|Any CPU
		{D7B0E057-24BA-41B2-B43E-363139C0D7F8}.Debug|Any CPU.ActiveCfg = Debug|Any CPU
		{D7B0E057-24BA-41B2-B43E-363139C0D7F8}.Debug|Any CPU.Build.0 = Debug|Any CPU
		{D7B0E057-24BA-41B2-B43E-363139C0D7F8}.Release|Any CPU.ActiveCfg = Release|Any CPU
		{D7B0E057-24BA-41B2-B43E-363139C0D7F8}.Release|Any CPU.Build.0 = Release|Any CPU
		{5A0807AD-3A32-4376-8E3D-535A7D90FF8E}.Debug|Any CPU.ActiveCfg = Debug|Any CPU
		{5A0807AD-3A32-4376-8E3D-535A7D90FF8E}.Debug|Any CPU.Build.0 = Debug|Any CPU
		{5A0807AD-3A32-4376-8E3D-535A7D90FF8E}.Release|Any CPU.ActiveCfg = Release|Any CPU
		{5A0807AD-3A32-4376-8E3D-535A7D90FF8E}.Release|Any CPU.Build.0 = Release|Any CPU
		{FE56D128-F58B-4A0B-924C-93207A7DED86}.Debug|Any CPU.ActiveCfg = Debug|Any CPU
		{FE56D128-F58B-4A0B-924C-93207A7DED86}.Debug|Any CPU.Build.0 = Debug|Any CPU
		{FE56D128-F58B-4A0B-924C-93207A7DED86}.Release|Any CPU.ActiveCfg = Release|Any CPU
		{FE56D128-F58B-4A0B-924C-93207A7DED86}.Release|Any CPU.Build.0 = Release|Any CPU
		{ED493874-F9E9-4025-B3E0-5413E4FC64CA}.Debug|Any CPU.ActiveCfg = Debug|Any CPU
		{ED493874-F9E9-4025-B3E0-5413E4FC64CA}.Debug|Any CPU.Build.0 = Debug|Any CPU
		{ED493874-F9E9-4025-B3E0-5413E4FC64CA}.Release|Any CPU.ActiveCfg = Release|Any CPU
		{ED493874-F9E9-4025-B3E0-5413E4FC64CA}.Release|Any CPU.Build.0 = Release|Any CPU
		{3BACD5E1-BADB-4D02-8422-23C7EDE4E859}.Debug|Any CPU.ActiveCfg = Debug|Any CPU
		{3BACD5E1-BADB-4D02-8422-23C7EDE4E859}.Debug|Any CPU.Build.0 = Debug|Any CPU
		{3BACD5E1-BADB-4D02-8422-23C7EDE4E859}.Release|Any CPU.ActiveCfg = Release|Any CPU
		{3BACD5E1-BADB-4D02-8422-23C7EDE4E859}.Release|Any CPU.Build.0 = Release|Any CPU
		{541FDDC5-9229-41F1-9CBF-820D59F21F15}.Debug|Any CPU.ActiveCfg = Debug|Any CPU
		{541FDDC5-9229-41F1-9CBF-820D59F21F15}.Debug|Any CPU.Build.0 = Debug|Any CPU
		{541FDDC5-9229-41F1-9CBF-820D59F21F15}.Release|Any CPU.ActiveCfg = Release|Any CPU
		{541FDDC5-9229-41F1-9CBF-820D59F21F15}.Release|Any CPU.Build.0 = Release|Any CPU
		{55930EF8-96D7-490B-A3CE-BBE835AFFF0D}.Debug|Any CPU.ActiveCfg = Debug|Any CPU
		{55930EF8-96D7-490B-A3CE-BBE835AFFF0D}.Debug|Any CPU.Build.0 = Debug|Any CPU
		{55930EF8-96D7-490B-A3CE-BBE835AFFF0D}.Release|Any CPU.ActiveCfg = Release|Any CPU
		{55930EF8-96D7-490B-A3CE-BBE835AFFF0D}.Release|Any CPU.Build.0 = Release|Any CPU
	EndGlobalSection
	GlobalSection(SolutionProperties) = preSolution
		HideSolutionNode = FALSE
	EndGlobalSection
	GlobalSection(NestedProjects) = preSolution
		{3EBCBC15-0A99-4280-ADCF-EC20048FD1C2} = {4DE70D51-5DBE-4AD9-BC7C-604BE9794E0E}
		{D7B0E057-24BA-41B2-B43E-363139C0D7F8} = {A8F5D3BC-9969-45EC-819B-5D1A6D5C5FEA}
		{5A0807AD-3A32-4376-8E3D-535A7D90FF8E} = {4DE70D51-5DBE-4AD9-BC7C-604BE9794E0E}
		{FE56D128-F58B-4A0B-924C-93207A7DED86} = {4DE70D51-5DBE-4AD9-BC7C-604BE9794E0E}
		{541FDDC5-9229-41F1-9CBF-820D59F21F15} = {A8F5D3BC-9969-45EC-819B-5D1A6D5C5FEA}
	EndGlobalSection
EndGlobal
